
Microsoft Visual Studio Solution File, Format Version 12.00
# Visual Studio 15
VisualStudioVersion = 15.0.28307.421
MinimumVisualStudioVersion = 10.0.40219.1
Project("{FAE04EC0-301F-11D3-BF4B-00C04F79EFBC}") = "WcfServiceApp", "WcfServiceApp\WcfServiceApp.csproj", "{EC3F7BC9-BC2C-4C50-AC5C-88067D0167E6}"
EndProject
Project("{FAE04EC0-301F-11D3-BF4B-00C04F79EFBC}") = "MvcApp", "MvcApp\MvcApp.csproj", "{1FB03BE5-3821-4A85-A4B6-DF2178D3B347}"
	ProjectSection(ProjectDependencies) = postProject
		{EC3F7BC9-BC2C-4C50-AC5C-88067D0167E6} = {EC3F7BC9-BC2C-4C50-AC5C-88067D0167E6}
	EndProjectSection
EndProject
Global
	GlobalSection(SolutionConfigurationPlatforms) = preSolution
		Debug|Any CPU = Debug|Any CPU
		Release|Any CPU = Release|Any CPU
	EndGlobalSection
	GlobalSection(ProjectConfigurationPlatforms) = postSolution
		{EC3F7BC9-BC2C-4C50-AC5C-88067D0167E6}.Debug|Any CPU.ActiveCfg = Debug|Any CPU
		{EC3F7BC9-BC2C-4C50-AC5C-88067D0167E6}.Debug|Any CPU.Build.0 = Debug|Any CPU
		{EC3F7BC9-BC2C-4C50-AC5C-88067D0167E6}.Release|Any CPU.ActiveCfg = Release|Any CPU
		{EC3F7BC9-BC2C-4C50-AC5C-88067D0167E6}.Release|Any CPU.Build.0 = Release|Any CPU
		{1FB03BE5-3821-4A85-A4B6-DF2178D3B347}.Debug|Any CPU.ActiveCfg = Debug|Any CPU
		{1FB03BE5-3821-4A85-A4B6-DF2178D3B347}.Debug|Any CPU.Build.0 = Debug|Any CPU
		{1FB03BE5-3821-4A85-A4B6-DF2178D3B347}.Release|Any CPU.ActiveCfg = Release|Any CPU
		{1FB03BE5-3821-4A85-A4B6-DF2178D3B347}.Release|Any CPU.Build.0 = Release|Any CPU
	EndGlobalSection
	GlobalSection(SolutionProperties) = preSolution
		HideSolutionNode = FALSE
	EndGlobalSection
	GlobalSection(ExtensibilityGlobals) = postSolution
		SolutionGuid = {1CC3A883-928C-4FAA-BFCB-2A77F96A6BC4}
	EndGlobalSection
EndGlobal
